
Microsoft Visual Studio Solution File, Format Version 12.00
# Visual Studio 15
VisualStudioVersion = 15.0.33026.149
MinimumVisualStudioVersion = 10.0.40219.1
Project("{FAE04EC0-301F-11D3-BF4B-00C04F79EFBC}") = "6.Working with numbers", "6.Working with numbers\6.Working with numbers.csproj", "{1D728195-173F-4FD0-A282-582880AC538C}"
EndProject
Global
	GlobalSection(SolutionConfigurationPlatforms) = preSolution
		Debug|Any CPU = Debug|Any CPU
		Release|Any CPU = Release|Any CPU
	EndGlobalSection
	GlobalSection(ProjectConfigurationPlatforms) = postSolution
		{1D728195-173F-4FD0-A282-582880AC538C}.Debug|Any CPU.ActiveCfg = Debug|Any CPU
		{1D728195-173F-4FD0-A282-582880AC538C}.Debug|Any CPU.Build.0 = Debug|Any CPU
		{1D728195-173F-4FD0-A282-582880AC538C}.Release|Any CPU.ActiveCfg = Release|Any CPU
		{1D728195-173F-4FD0-A282-582880AC538C}.Release|Any CPU.Build.0 = Release|Any CPU
	EndGlobalSection
	GlobalSection(SolutionProperties) = preSolution
		HideSolutionNode = FALSE
	EndGlobalSection
	GlobalSection(ExtensibilityGlobals) = postSolution
		SolutionGuid = {DA32AD32-1283-404A-979F-5F754CA8DE6A}
	EndGlobalSection
EndGlobal
